
Microsoft Visual Studio Solution File, Format Version 12.00
# Visual Studio 2013
VisualStudioVersion = 12.0.31101.0
MinimumVisualStudioVersion = 10.0.40219.1
Project("{FAE04EC0-301F-11D3-BF4B-00C04F79EFBC}") = "aerogear-windows-oauth2", "aerogear-windows-oauth2\aerogear-windows-oauth2.csproj", "{D70FE93A-FCE4-49FE-A356-05BC5A9CF19E}"
EndProject
Project("{FAE04EC0-301F-11D3-BF4B-00C04F79EFBC}") = "integrationTest", "integrationTest\integrationTest.csproj", "{34F226DC-15F0-495E-8721-D0F9B1EA29A0}"
EndProject
Global
	GlobalSection(SolutionConfigurationPlatforms) = preSolution
		Debug|Any CPU = Debug|Any CPU
		Debug|ARM = Debug|ARM
		Debug|x86 = Debug|x86
		Release|Any CPU = Release|Any CPU
		Release|ARM = Release|ARM
		Release|x86 = Release|x86
	EndGlobalSection
	GlobalSection(ProjectConfigurationPlatforms) = postSolution
		{D70FE93A-FCE4-49FE-A356-05BC5A9CF19E}.Debug|Any CPU.ActiveCfg = Debug|Any CPU
		{D70FE93A-FCE4-49FE-A356-05BC5A9CF19E}.Debug|Any CPU.Build.0 = Debug|Any CPU
		{D70FE93A-FCE4-49FE-A356-05BC5A9CF19E}.Debug|ARM.ActiveCfg = Debug|ARM
		{D70FE93A-FCE4-49FE-A356-05BC5A9CF19E}.Debug|ARM.Build.0 = Debug|ARM
		{D70FE93A-FCE4-49FE-A356-05BC5A9CF19E}.Debug|x86.ActiveCfg = Debug|x86
		{D70FE93A-FCE4-49FE-A356-05BC5A9CF19E}.Debug|x86.Build.0 = Debug|x86
		{D70FE93A-FCE4-49FE-A356-05BC5A9CF19E}.Release|Any CPU.ActiveCfg = Release|Any CPU
		{D70FE93A-FCE4-49FE-A356-05BC5A9CF19E}.Release|Any CPU.Build.0 = Release|Any CPU
		{D70FE93A-FCE4-49FE-A356-05BC5A9CF19E}.Release|ARM.ActiveCfg = Release|ARM
		{D70FE93A-FCE4-49FE-A356-05BC5A9CF19E}.Release|ARM.Build.0 = Release|ARM
		{D70FE93A-FCE4-49FE-A356-05BC5A9CF19E}.Release|x86.ActiveCfg = Release|x86
		{D70FE93A-FCE4-49FE-A356-05BC5A9CF19E}.Release|x86.Build.0 = Release|x86
		{34F226DC-15F0-495E-8721-D0F9B1EA29A0}.Debug|Any CPU.ActiveCfg = Debug|Any CPU
		{34F226DC-15F0-495E-8721-D0F9B1EA29A0}.Debug|Any CPU.Build.0 = Debug|Any CPU
		{34F226DC-15F0-495E-8721-D0F9B1EA29A0}.Debug|Any CPU.Deploy.0 = Debug|Any CPU
		{34F226DC-15F0-495E-8721-D0F9B1EA29A0}.Debug|ARM.ActiveCfg = Debug|ARM
		{34F226DC-15F0-495E-8721-D0F9B1EA29A0}.Debug|ARM.Build.0 = Debug|ARM
		{34F226DC-15F0-495E-8721-D0F9B1EA29A0}.Debug|ARM.Deploy.0 = Debug|ARM
		{34F226DC-15F0-495E-8721-D0F9B1EA29A0}.Debug|x86.ActiveCfg = Debug|x86
		{34F226DC-15F0-495E-8721-D0F9B1EA29A0}.Debug|x86.Build.0 = Debug|x86
		{34F226DC-15F0-495E-8721-D0F9B1EA29A0}.Debug|x86.Deploy.0 = Debug|x86
		{34F226DC-15F0-495E-8721-D0F9B1EA29A0}.Release|Any CPU.ActiveCfg = Release|Any CPU
		{34F226DC-15F0-495E-8721-D0F9B1EA29A0}.Release|Any CPU.Build.0 = Release|Any CPU
		{34F226DC-15F0-495E-8721-D0F9B1EA29A0}.Release|Any CPU.Deploy.0 = Release|Any CPU
		{34F226DC-15F0-495E-8721-D0F9B1EA29A0}.Release|ARM.ActiveCfg = Release|ARM
		{34F226DC-15F0-495E-8721-D0F9B1EA29A0}.Release|ARM.Build.0 = Release|ARM
		{34F226DC-15F0-495E-8721-D0F9B1EA29A0}.Release|ARM.Deploy.0 = Release|ARM
		{34F226DC-15F0-495E-8721-D0F9B1EA29A0}.Release|x86.ActiveCfg = Release|x86
		{34F226DC-15F0-495E-8721-D0F9B1EA29A0}.Release|x86.Build.0 = Release|x86
		{34F226DC-15F0-495E-8721-D0F9B1EA29A0}.Release|x86.Deploy.0 = Release|x86
	EndGlobalSection
	GlobalSection(SolutionProperties) = preSolution
		HideSolutionNode = FALSE
	EndGlobalSection
EndGlobal
